
Microsoft Visual Studio Solution File, Format Version 12.00
# Visual Studio 14
VisualStudioVersion = 14.0.25420.1
MinimumVisualStudioVersion = 10.0.40219.1
Project("{FAE04EC0-301F-11D3-BF4B-00C04F79EFBC}") = "AcessoBanco", "AcessoBanco\AcessoBanco.csproj", "{7C17E3EC-D48C-484D-A628-8C2664C74AE3}"
EndProject
Project("{FAE04EC0-301F-11D3-BF4B-00C04F79EFBC}") = "Starpasseios", "Starpasseios\Starpasseios.csproj", "{854EAA02-1AC6-4814-87CB-8D60F2981EBE}"
EndProject
Project("{FAE04EC0-301F-11D3-BF4B-00C04F79EFBC}") = "TransferenciaDados", "TransferenciaDados\TransferenciaDados.csproj", "{5AB74192-1BD5-4048-8DB8-D989AFFE8F77}"
EndProject
Global
	GlobalSection(SolutionConfigurationPlatforms) = preSolution
		Debug|Any CPU = Debug|Any CPU
		Release|Any CPU = Release|Any CPU
	EndGlobalSection
	GlobalSection(ProjectConfigurationPlatforms) = postSolution
		{7C17E3EC-D48C-484D-A628-8C2664C74AE3}.Debug|Any CPU.ActiveCfg = Debug|Any CPU
		{7C17E3EC-D48C-484D-A628-8C2664C74AE3}.Debug|Any CPU.Build.0 = Debug|Any CPU
		{7C17E3EC-D48C-484D-A628-8C2664C74AE3}.Release|Any CPU.ActiveCfg = Release|Any CPU
		{7C17E3EC-D48C-484D-A628-8C2664C74AE3}.Release|Any CPU.Build.0 = Release|Any CPU
		{854EAA02-1AC6-4814-87CB-8D60F2981EBE}.Debug|Any CPU.ActiveCfg = Debug|Any CPU
		{854EAA02-1AC6-4814-87CB-8D60F2981EBE}.Debug|Any CPU.Build.0 = Debug|Any CPU
		{854EAA02-1AC6-4814-87CB-8D60F2981EBE}.Release|Any CPU.ActiveCfg = Release|Any CPU
		{854EAA02-1AC6-4814-87CB-8D60F2981EBE}.Release|Any CPU.Build.0 = Release|Any CPU
		{5AB74192-1BD5-4048-8DB8-D989AFFE8F77}.Debug|Any CPU.ActiveCfg = Debug|Any CPU
		{5AB74192-1BD5-4048-8DB8-D989AFFE8F77}.Debug|Any CPU.Build.0 = Debug|Any CPU
		{5AB74192-1BD5-4048-8DB8-D989AFFE8F77}.Release|Any CPU.ActiveCfg = Release|Any CPU
		{5AB74192-1BD5-4048-8DB8-D989AFFE8F77}.Release|Any CPU.Build.0 = Release|Any CPU
	EndGlobalSection
	GlobalSection(SolutionProperties) = preSolution
		HideSolutionNode = FALSE
	EndGlobalSection
EndGlobal
